
Microsoft Visual Studio Solution File, Format Version 12.00
# Visual Studio Version 16
VisualStudioVersion = 16.0.31112.23
MinimumVisualStudioVersion = 10.0.40219.1
Project("{FAE04EC0-301F-11D3-BF4B-00C04F79EFBC}") = "Assigment04", "Assigment04\Assigment04.csproj", "{7B8199B3-C03F-4144-9104-1C27CC65A586}"
EndProject
Global
	GlobalSection(SolutionConfigurationPlatforms) = preSolution
		Debug|Any CPU = Debug|Any CPU
		Release|Any CPU = Release|Any CPU
	EndGlobalSection
	GlobalSection(ProjectConfigurationPlatforms) = postSolution
		{7B8199B3-C03F-4144-9104-1C27CC65A586}.Debug|Any CPU.ActiveCfg = Debug|Any CPU
		{7B8199B3-C03F-4144-9104-1C27CC65A586}.Debug|Any CPU.Build.0 = Debug|Any CPU
		{7B8199B3-C03F-4144-9104-1C27CC65A586}.Release|Any CPU.ActiveCfg = Release|Any CPU
		{7B8199B3-C03F-4144-9104-1C27CC65A586}.Release|Any CPU.Build.0 = Release|Any CPU
	EndGlobalSection
	GlobalSection(SolutionProperties) = preSolution
		HideSolutionNode = FALSE
	EndGlobalSection
	GlobalSection(ExtensibilityGlobals) = postSolution
		SolutionGuid = {B709A12F-7DD7-414B-AB96-82BD7AE66DBD}
	EndGlobalSection
EndGlobal
